
Microsoft Visual Studio Solution File, Format Version 12.00
# Visual Studio Version 17
VisualStudioVersion = 17.14.36804.6
MinimumVisualStudioVersion = 10.0.40219.1
Project("{FAE04EC0-301F-11D3-BF4B-00C04F79EFBC}") = "EcoAnalyzer", "EcoAnalyzer\EcoAnalyzer.csproj", "{1C3DC0FF-4557-4711-8E41-85314979CB6D}"
EndProject
Project("{FAE04EC0-301F-11D3-BF4B-00C04F79EFBC}") = "EcoAnalyzerLib", "EcoAnalyzerLib\EcoAnalyzerLib.csproj", "{6B98B499-407F-D0FB-3E3E-720CFF7E9396}"
EndProject
Global
	GlobalSection(SolutionConfigurationPlatforms) = preSolution
		Debug|Any CPU = Debug|Any CPU
		Release|Any CPU = Release|Any CPU
	EndGlobalSection
	GlobalSection(ProjectConfigurationPlatforms) = postSolution
		{1C3DC0FF-4557-4711-8E41-85314979CB6D}.Debug|Any CPU.ActiveCfg = Debug|Any CPU
		{1C3DC0FF-4557-4711-8E41-85314979CB6D}.Debug|Any CPU.Build.0 = Debug|Any CPU
		{1C3DC0FF-4557-4711-8E41-85314979CB6D}.Release|Any CPU.ActiveCfg = Release|Any CPU
		{1C3DC0FF-4557-4711-8E41-85314979CB6D}.Release|Any CPU.Build.0 = Release|Any CPU
		{6B98B499-407F-D0FB-3E3E-720CFF7E9396}.Debug|Any CPU.ActiveCfg = Debug|Any CPU
		{6B98B499-407F-D0FB-3E3E-720CFF7E9396}.Debug|Any CPU.Build.0 = Debug|Any CPU
		{6B98B499-407F-D0FB-3E3E-720CFF7E9396}.Release|Any CPU.ActiveCfg = Release|Any CPU
		{6B98B499-407F-D0FB-3E3E-720CFF7E9396}.Release|Any CPU.Build.0 = Release|Any CPU
	EndGlobalSection
	GlobalSection(SolutionProperties) = preSolution
		HideSolutionNode = FALSE
	EndGlobalSection
	GlobalSection(ExtensibilityGlobals) = postSolution
		SolutionGuid = {BF719279-1AF2-4D1D-B920-66E007CF2EF0}
	EndGlobalSection
EndGlobal
